
Microsoft Visual Studio Solution File, Format Version 12.00
# Visual Studio 15
VisualStudioVersion = 15.0.27428.2027
MinimumVisualStudioVersion = 10.0.40219.1
Project("{FAE04EC0-301F-11D3-BF4B-00C04F79EFBC}") = "Calculator", "Calculator\Calculator.csproj", "{D6618AF6-252C-4425-814A-066057CEFDD9}"
EndProject
Global
	GlobalSection(SolutionConfigurationPlatforms) = preSolution
		Debug|Any CPU = Debug|Any CPU
		Release|Any CPU = Release|Any CPU
	EndGlobalSection
	GlobalSection(ProjectConfigurationPlatforms) = postSolution
		{D6618AF6-252C-4425-814A-066057CEFDD9}.Debug|Any CPU.ActiveCfg = Debug|Any CPU
		{D6618AF6-252C-4425-814A-066057CEFDD9}.Debug|Any CPU.Build.0 = Debug|Any CPU
		{D6618AF6-252C-4425-814A-066057CEFDD9}.Release|Any CPU.ActiveCfg = Release|Any CPU
		{D6618AF6-252C-4425-814A-066057CEFDD9}.Release|Any CPU.Build.0 = Release|Any CPU
	EndGlobalSection
	GlobalSection(SolutionProperties) = preSolution
		HideSolutionNode = FALSE
	EndGlobalSection
	GlobalSection(ExtensibilityGlobals) = postSolution
		SolutionGuid = {9AB22A45-3B3F-4524-9617-F38435B8831D}
	EndGlobalSection
EndGlobal
